// !$*UTF8*$!
{
	archiveVersion = 1;
	classes = {
	};
	objectVersion = 46;
	objects = {

/* Begin PBXBuildFile section */
		32ECCF6C1C7B1E09008D74FA /* AppDelegate.m in Sources */ = {isa = PBXBuildFile; fileRef = 32ECCF621C7B1E09008D74FA /* AppDelegate.m */; };
		32ECCF711C7B1E09008D74FA /* main.m in Sources */ = {isa = PBXBuildFile; fileRef = 32ECCF691C7B1E09008D74FA /* main.m */; };
		32ECCF721C7B1E09008D74FA /* ViewController.m in Sources */ = {isa = PBXBuildFile; fileRef = 32ECCF6B1C7B1E09008D74FA /* ViewController.m */; };
		32ECCF871C7B1F59008D74FA /* Assets.xcassets in Resources */ = {isa = PBXBuildFile; fileRef = 32ECCF811C7B1F59008D74FA /* Assets.xcassets */; };
		32ECCF881C7B1F59008D74FA /* LaunchScreen.storyboard in Resources */ = {isa = PBXBuildFile; fileRef = 32ECCF821C7B1F59008D74FA /* LaunchScreen.storyboard */; };
		32ECCF891C7B1F59008D74FA /* Main.storyboard in Resources */ = {isa = PBXBuildFile; fileRef = 32ECCF841C7B1F59008D74FA /* Main.storyboard */; };
		32ECCF9D1C7B22A5008D74FA /* Department.m in Sources */ = {isa = PBXBuildFile; fileRef = 32ECCF8E1C7B22A5008D74FA /* Department.m */; };
		32ECCF9E1C7B22A5008D74FA /* DepartmentController.m in Sources */ = {isa = PBXBuildFile; fileRef = 32ECCF901C7B22A5008D74FA /* DepartmentController.m */; };
		32ECCF9F1C7B22A5008D74FA /* Group.m in Sources */ = {isa = PBXBuildFile; fileRef = 32ECCF921C7B22A5008D74FA /* Group.m */; };
		32ECCFA01C7B22A5008D74FA /* HeadOfDepartment.m in Sources */ = {isa = PBXBuildFile; fileRef = 32ECCF941C7B22A5008D74FA /* HeadOfDepartment.m */; };
		32ECCFA11C7B22A5008D74FA /* Human.m in Sources */ = {isa = PBXBuildFile; fileRef = 32ECCF961C7B22A5008D74FA /* Human.m */; };
		32ECCFA21C7B22A5008D74FA /* Professor.m in Sources */ = {isa = PBXBuildFile; fileRef = 32ECCF9A1C7B22A5008D74FA /* Professor.m */; };
		32ECCFA31C7B22A5008D74FA /* Student.m in Sources */ = {isa = PBXBuildFile; fileRef = 32ECCF9C1C7B22A5008D74FA /* Student.m */; };
/* End PBXBuildFile section */

/* Begin PBXFileReference section */
		32ECCF461C7B1D9D008D74FA /* Task_1.app */ = {isa = PBXFileReference; explicitFileType = wrapper.application; includeInIndex = 0; path = Task_1.app; sourceTree = BUILT_PRODUCTS_DIR; };
		32ECCF611C7B1E09008D74FA /* AppDelegate.h */ = {isa = PBXFileReference; fileEncoding = 4; lastKnownFileType = sourcecode.c.h; path = AppDelegate.h; sourceTree = "<group>"; };
		32ECCF621C7B1E09008D74FA /* AppDelegate.m */ = {isa = PBXFileReference; fileEncoding = 4; lastKnownFileType = sourcecode.c.objc; path = AppDelegate.m; sourceTree = "<group>"; };
		32ECCF691C7B1E09008D74FA /* main.m */ = {isa = PBXFileReference; fileEncoding = 4; lastKnownFileType = sourcecode.c.objc; path = main.m; sourceTree = "<group>"; };
		32ECCF6A1C7B1E09008D74FA /* ViewController.h */ = {isa = PBXFileReference; fileEncoding = 4; lastKnownFileType = sourcecode.c.h; path = ViewController.h; sourceTree = "<group>"; };
		32ECCF6B1C7B1E09008D74FA /* ViewController.m */ = {isa = PBXFileReference; fileEncoding = 4; lastKnownFileType = sourcecode.c.objc; path = ViewController.m; sourceTree = "<group>"; };
		32ECCF811C7B1F59008D74FA /* Assets.xcassets */ = {isa = PBXFileReference; lastKnownFileType = folder.assetcatalog; path = Assets.xcassets; sourceTree = "<group>"; };
		32ECCF831C7B1F59008D74FA /* Base */ = {isa = PBXFileReference; lastKnownFileType = file.storyboard; name = Base; path = Base.lproj/LaunchScreen.storyboard; sourceTree = "<group>"; };
		32ECCF851C7B1F59008D74FA /* Base */ = {isa = PBXFileReference; lastKnownFileType = file.storyboard; name = Base; path = Base.lproj/Main.storyboard; sourceTree = "<group>"; };
		32ECCF861C7B1F59008D74FA /* Info.plist */ = {isa = PBXFileReference; fileEncoding = 4; lastKnownFileType = text.plist.xml; path = Info.plist; sourceTree = "<group>"; };
		32ECCF8C1C7B22A5008D74FA /* AveregaScoreProtocol.h */ = {isa = PBXFileReference; fileEncoding = 4; lastKnownFileType = sourcecode.c.h; path = AveregaScoreProtocol.h; sourceTree = "<group>"; };
		32ECCF8D1C7B22A5008D74FA /* Department.h */ = {isa = PBXFileReference; fileEncoding = 4; lastKnownFileType = sourcecode.c.h; path = Department.h; sourceTree = "<group>"; };
		32ECCF8E1C7B22A5008D74FA /* Department.m */ = {isa = PBXFileReference; fileEncoding = 4; lastKnownFileType = sourcecode.c.objc; path = Department.m; sourceTree = "<group>"; };
		32ECCF8F1C7B22A5008D74FA /* DepartmentController.h */ = {isa = PBXFileReference; fileEncoding = 4; lastKnownFileType = sourcecode.c.h; path = DepartmentController.h; sourceTree = "<group>"; };
		32ECCF901C7B22A5008D74FA /* DepartmentController.m */ = {isa = PBXFileReference; fileEncoding = 4; lastKnownFileType = sourcecode.c.objc; path = DepartmentController.m; sourceTree = "<group>"; };
		32ECCF911C7B22A5008D74FA /* Group.h */ = {isa = PBXFileReference; fileEncoding = 4; lastKnownFileType = sourcecode.c.h; path = Group.h; sourceTree = "<group>"; };
		32ECCF921C7B22A5008D74FA /* Group.m */ = {isa = PBXFileReference; fileEncoding = 4; lastKnownFileType = sourcecode.c.objc; path = Group.m; sourceTree = "<group>"; };
		32ECCF931C7B22A5008D74FA /* HeadOfDepartment.h */ = {isa = PBXFileReference; fileEncoding = 4; lastKnownFileType = sourcecode.c.h; path = HeadOfDepartment.h; sourceTree = "<group>"; };
		32ECCF941C7B22A5008D74FA /* HeadOfDepartment.m */ = {isa = PBXFileReference; fileEncoding = 4; lastKnownFileType = sourcecode.c.objc; path = HeadOfDepartment.m; sourceTree = "<group>"; };
		32ECCF951C7B22A5008D74FA /* Human.h */ = {isa = PBXFileReference; fileEncoding = 4; lastKnownFileType = sourcecode.c.h; path = Human.h; sourceTree = "<group>"; };
		32ECCF961C7B22A5008D74FA /* Human.m */ = {isa = PBXFileReference; fileEncoding = 4; lastKnownFileType = sourcecode.c.objc; path = Human.m; sourceTree = "<group>"; };
		32ECCF971C7B22A5008D74FA /* Observable.h */ = {isa = PBXFileReference; fileEncoding = 4; lastKnownFileType = sourcecode.c.h; path = Observable.h; sourceTree = "<group>"; };
		32ECCF981C7B22A5008D74FA /* Observer.h */ = {isa = PBXFileReference; fileEncoding = 4; lastKnownFileType = sourcecode.c.h; path = Observer.h; sourceTree = "<group>"; };
		32ECCF991C7B22A5008D74FA /* Professor.h */ = {isa = PBXFileReference; fileEncoding = 4; lastKnownFileType = sourcecode.c.h; path = Professor.h; sourceTree = "<group>"; };
		32ECCF9A1C7B22A5008D74FA /* Professor.m */ = {isa = PBXFileReference; fileEncoding = 4; lastKnownFileType = sourcecode.c.objc; path = Professor.m; sourceTree = "<group>"; };
		32ECCF9B1C7B22A5008D74FA /* Student.h */ = {isa = PBXFileReference; fileEncoding = 4; lastKnownFileType = sourcecode.c.h; path = Student.h; sourceTree = "<group>"; };
		32ECCF9C1C7B22A5008D74FA /* Student.m */ = {isa = PBXFileReference; fileEncoding = 4; lastKnownFileType = sourcecode.c.objc; path = Student.m; sourceTree = "<group>"; };
/* End PBXFileReference section */

/* Begin PBXFrameworksBuildPhase section */
		32ECCF431C7B1D9D008D74FA /* Frameworks */ = {
			isa = PBXFrameworksBuildPhase;
			buildActionMask = 2147483647;
			files = (
			);
			runOnlyForDeploymentPostprocessing = 0;
		};
/* End PBXFrameworksBuildPhase section */

/* Begin PBXGroup section */
		32ECCF3D1C7B1D9D008D74FA = {
			isa = PBXGroup;
			children = (
				32ECCF601C7B1E09008D74FA /* Internal */,
				32ECCF801C7B1F59008D74FA /* Resourses */,
				32ECCF471C7B1D9D008D74FA /* Products */,
			);
			sourceTree = "<group>";
		};
		32ECCF471C7B1D9D008D74FA /* Products */ = {
			isa = PBXGroup;
			children = (
				32ECCF461C7B1D9D008D74FA /* Task_1.app */,
			);
			name = Products;
			sourceTree = "<group>";
		};
		32ECCF601C7B1E09008D74FA /* Internal */ = {
			isa = PBXGroup;
			children = (
				32ECCF8B1C7B22A5008D74FA /* Models */,
				32ECCF691C7B1E09008D74FA /* main.m */,
				32ECCF611C7B1E09008D74FA /* AppDelegate.h */,
				32ECCF621C7B1E09008D74FA /* AppDelegate.m */,
				32ECCF6A1C7B1E09008D74FA /* ViewController.h */,
				32ECCF6B1C7B1E09008D74FA /* ViewController.m */,
			);
			path = Internal;
			sourceTree = SOURCE_ROOT;
		};
		32ECCF801C7B1F59008D74FA /* Resourses */ = {
			isa = PBXGroup;
			children = (
				32ECCF811C7B1F59008D74FA /* Assets.xcassets */,
				32ECCF821C7B1F59008D74FA /* LaunchScreen.storyboard */,
				32ECCF841C7B1F59008D74FA /* Main.storyboard */,
				32ECCF861C7B1F59008D74FA /* Info.plist */,
			);
			path = Resourses;
			sourceTree = SOURCE_ROOT;
		};
		32ECCF8B1C7B22A5008D74FA /* Models */ = {
			isa = PBXGroup;
			children = (
				32ECCF8C1C7B22A5008D74FA /* AveregaScoreProtocol.h */,
				32ECCF8D1C7B22A5008D74FA /* Department.h */,
				32ECCF8E1C7B22A5008D74FA /* Department.m */,
				32ECCF8F1C7B22A5008D74FA /* DepartmentController.h */,
				32ECCF901C7B22A5008D74FA /* DepartmentController.m */,
				32ECCF911C7B22A5008D74FA /* Group.h */,
				32ECCF921C7B22A5008D74FA /* Group.m */,
				32ECCF931C7B22A5008D74FA /* HeadOfDepartment.h */,
				32ECCF941C7B22A5008D74FA /* HeadOfDepartment.m */,
				32ECCF951C7B22A5008D74FA /* Human.h */,
				32ECCF961C7B22A5008D74FA /* Human.m */,
				32ECCF971C7B22A5008D74FA /* Observable.h */,
				32ECCF981C7B22A5008D74FA /* Observer.h */,
				32ECCF991C7B22A5008D74FA /* Professor.h */,
				32ECCF9A1C7B22A5008D74FA /* Professor.m */,
				32ECCF9B1C7B22A5008D74FA /* Student.h */,
				32ECCF9C1C7B22A5008D74FA /* Student.m */,
			);
			path = Models;
			sourceTree = "<group>";
		};
/* End PBXGroup section */

/* Begin PBXNativeTarget section */
		32ECCF451C7B1D9D008D74FA /* Task_1 */ = {
			isa = PBXNativeTarget;
			buildConfigurationList = 32ECCF5D1C7B1D9D008D74FA /* Build configuration list for PBXNativeTarget "Task_1" */;
			buildPhases = (
				32ECCF421C7B1D9D008D74FA /* Sources */,
				32ECCF431C7B1D9D008D74FA /* Frameworks */,
				32ECCF441C7B1D9D008D74FA /* Resources */,
			);
			buildRules = (
			);
			dependencies = (
			);
			name = Task_1;
			productName = Task_1;
			productReference = 32ECCF461C7B1D9D008D74FA /* Task_1.app */;
			productType = "com.apple.product-type.application";
		};
/* End PBXNativeTarget section */

/* Begin PBXProject section */
		32ECCF3E1C7B1D9D008D74FA /* Project object */ = {
			isa = PBXProject;
			attributes = {
				LastUpgradeCheck = 0720;
				ORGANIZATIONNAME = Dima;
				TargetAttributes = {
					32ECCF451C7B1D9D008D74FA = {
						CreatedOnToolsVersion = 7.2.1;
					};
				};
			};
			buildConfigurationList = 32ECCF411C7B1D9D008D74FA /* Build configuration list for PBXProject "Task_1" */;
			compatibilityVersion = "Xcode 3.2";
			developmentRegion = English;
			hasScannedForEncodings = 0;
			knownRegions = (
				en,
				Base,
			);
			mainGroup = 32ECCF3D1C7B1D9D008D74FA;
			productRefGroup = 32ECCF471C7B1D9D008D74FA /* Products */;
			projectDirPath = "";
			projectRoot = "";
			targets = (
				32ECCF451C7B1D9D008D74FA /* Task_1 */,
			);
		};
/* End PBXProject section */

/* Begin PBXResourcesBuildPhase section */
		32ECCF441C7B1D9D008D74FA /* Resources */ = {
			isa = PBXResourcesBuildPhase;
			buildActionMask = 2147483647;
			files = (
				32ECCF891C7B1F59008D74FA /* Main.storyboard in Resources */,
				32ECCF871C7B1F59008D74FA /* Assets.xcassets in Resources */,
				32ECCF881C7B1F59008D74FA /* LaunchScreen.storyboard in Resources */,
			);
			runOnlyForDeploymentPostprocessing = 0;
		};
/* End PBXResourcesBuildPhase section */

/* Begin PBXSourcesBuildPhase section */
		32ECCF421C7B1D9D008D74FA /* Sources */ = {
			isa = PBXSourcesBuildPhase;
			buildActionMask = 2147483647;
			files = (
				32ECCF721C7B1E09008D74FA /* ViewController.m in Sources */,
				32ECCFA21C7B22A5008D74FA /* Professor.m in Sources */,
				32ECCF711C7B1E09008D74FA /* main.m in Sources */,
				32ECCF6C1C7B1E09008D74FA /* AppDelegate.m in Sources */,
				32ECCFA11C7B22A5008D74FA /* Human.m in Sources */,
				32ECCF9F1C7B22A5008D74FA /* Group.m in Sources */,
				32ECCFA01C7B22A5008D74FA /* HeadOfDepartment.m in Sources */,
				32ECCFA31C7B22A5008D74FA /* Student.m in Sources */,
				32ECCF9D1C7B22A5008D74FA /* Department.m in Sources */,
				32ECCF9E1C7B22A5008D74FA /* DepartmentController.m in Sources */,
			);
			runOnlyForDeploymentPostprocessing = 0;
		};
/* End PBXSourcesBuildPhase section */

/* Begin PBXVariantGroup section */
		32ECCF821C7B1F59008D74FA /* LaunchScreen.storyboard */ = {
			isa = PBXVariantGroup;
			children = (
				32ECCF831C7B1F59008D74FA /* Base */,
			);
			name = LaunchScreen.storyboard;
			sourceTree = "<group>";
		};
		32ECCF841C7B1F59008D74FA /* Main.storyboard */ = {
			isa = PBXVariantGroup;
			children = (
				32ECCF851C7B1F59008D74FA /* Base */,
			);
			name = Main.storyboard;
			sourceTree = "<group>";
		};
/* End PBXVariantGroup section */

/* Begin XCBuildConfiguration section */
		32ECCF5B1C7B1D9D008D74FA /* Debug */ = {
			isa = XCBuildConfiguration;
			buildSettings = {
				ALWAYS_SEARCH_USER_PATHS = NO;
				CLANG_CXX_LANGUAGE_STANDARD = "gnu++0x";
				CLANG_CXX_LIBRARY = "libc++";
				CLANG_ENABLE_MODULES = YES;
				CLANG_ENABLE_OBJC_ARC = YES;
				CLANG_WARN_BOOL_CONVERSION = YES;
				CLANG_WARN_CONSTANT_CONVERSION = YES;
				CLANG_WARN_DIRECT_OBJC_ISA_USAGE = YES_ERROR;
				CLANG_WARN_EMPTY_BODY = YES;
				CLANG_WARN_ENUM_CONVERSION = YES;
				CLANG_WARN_INT_CONVERSION = YES;
				CLANG_WARN_OBJC_ROOT_CLASS = YES_ERROR;
				CLANG_WARN_UNREACHABLE_CODE = YES;
				CLANG_WARN__DUPLICATE_METHOD_MATCH = YES;
				"CODE_SIGN_IDENTITY[sdk=iphoneos*]" = "iPhone Developer";
				COPY_PHASE_STRIP = NO;
				DEBUG_INFORMATION_FORMAT = dwarf;
				ENABLE_STRICT_OBJC_MSGSEND = YES;
				ENABLE_TESTABILITY = YES;
				GCC_C_LANGUAGE_STANDARD = gnu99;
				GCC_DYNAMIC_NO_PIC = NO;
				GCC_NO_COMMON_BLOCKS = YES;
				GCC_OPTIMIZATION_LEVEL = 0;
				GCC_PREPROCESSOR_DEFINITIONS = (
					"DEBUG=1",
					"$(inherited)",
				);
				GCC_WARN_64_TO_32_BIT_CONVERSION = YES;
				GCC_WARN_ABOUT_RETURN_TYPE = YES_ERROR;
				GCC_WARN_UNDECLARED_SELECTOR = YES;
				GCC_WARN_UNINITIALIZED_AUTOS = YES_AGGRESSIVE;
				GCC_WARN_UNUSED_FUNCTION = YES;
				GCC_WARN_UNUSED_VARIABLE = YES;
				IPHONEOS_DEPLOYMENT_TARGET = 7.0;
				MTL_ENABLE_DEBUG_INFO = YES;
				ONLY_ACTIVE_ARCH = YES;
				SDKROOT = iphoneos;
				TARGETED_DEVICE_FAMILY = "1,2";
			};
			name = Debug;
		};
		32ECCF5C1C7B1D9D008D74FA /* Release */ = {
			isa = XCBuildConfiguration;
			buildSettings = {
				ALWAYS_SEARCH_USER_PATHS = NO;
				CLANG_CXX_LANGUAGE_STANDARD = "gnu++0x";
				CLANG_CXX_LIBRARY = "libc++";
				CLANG_ENABLE_MODULES = YES;
				CLANG_ENABLE_OBJC_ARC = YES;
				CLANG_WARN_BOOL_CONVERSION = YES;
				CLANG_WARN_CONSTANT_CONVERSION = YES;
				CLANG_WARN_DIRECT_OBJC_ISA_USAGE = YES_ERROR;
				CLANG_WARN_EMPTY_BODY = YES;
				CLANG_WARN_ENUM_CONVERSION = YES;
				CLANG_WARN_INT_CONVERSION = YES;
				CLANG_WARN_OBJC_ROOT_CLASS = YES_ERROR;
				CLANG_WARN_UNREACHABLE_CODE = YES;
				CLANG_WARN__DUPLICATE_METHOD_MATCH = YES;
				"CODE_SIGN_IDENTITY[sdk=iphoneos*]" = "iPhone Developer";
				COPY_PHASE_STRIP = NO;
				DEBUG_INFORMATION_FORMAT = "dwarf-with-dsym";
				ENABLE_NS_ASSERTIONS = NO;
				ENABLE_STRICT_OBJC_MSGSEND = YES;
				GCC_C_LANGUAGE_STANDARD = gnu99;
				GCC_NO_COMMON_BLOCKS = YES;
				GCC_WARN_64_TO_32_BIT_CONVERSION = YES;
				GCC_WARN_ABOUT_RETURN_TYPE = YES_ERROR;
				GCC_WARN_UNDECLARED_SELECTOR = YES;
				GCC_WARN_UNINITIALIZED_AUTOS = YES_AGGRESSIVE;
				GCC_WARN_UNUSED_FUNCTION = YES;
				GCC_WARN_UNUSED_VARIABLE = YES;
				IPHONEOS_DEPLOYMENT_TARGET = 7.0;
				MTL_ENABLE_DEBUG_INFO = NO;
				SDKROOT = iphoneos;
				TARGETED_DEVICE_FAMILY = "1,2";
				VALIDATE_PRODUCT = YES;
			};
			name = Release;
		};
		32ECCF5E1C7B1D9D008D74FA /* Debug */ = {
			isa = XCBuildConfiguration;
			buildSettings = {
				ASSETCATALOG_COMPILER_APPICON_NAME = AppIcon;
				INFOPLIST_FILE = "$(SRCROOT)/Resourses/Info.plist";
				IPHONEOS_DEPLOYMENT_TARGET = 7.0;
				LD_RUNPATH_SEARCH_PATHS = "$(inherited) @executable_path/Frameworks";
				PRODUCT_BUNDLE_IDENTIFIER = "dima.Task-1";
				PRODUCT_NAME = "$(TARGET_NAME)";
			};
			name = Debug;
		};
		32ECCF5F1C7B1D9D008D74FA /* Release */ = {
			isa = XCBuildConfiguration;
			buildSettings = {
				ASSETCATALOG_COMPILER_APPICON_NAME = AppIcon;
				INFOPLIST_FILE = "$(SRCROOT)/Resourses/Info.plist";
				IPHONEOS_DEPLOYMENT_TARGET = 7.0;
				LD_RUNPATH_SEARCH_PATHS = "$(inherited) @executable_path/Frameworks";
				PRODUCT_BUNDLE_IDENTIFIER = "dima.Task-1";
				PRODUCT_NAME = "$(TARGET_NAME)";
			};
			name = Release;
		};
/* End XCBuildConfiguration section */

/* Begin XCConfigurationList section */
		32ECCF411C7B1D9D008D74FA /* Build configuration list for PBXProject "Task_1" */ = {
			isa = XCConfigurationList;
			buildConfigurations = (
				32ECCF5B1C7B1D9D008D74FA /* Debug */,
				32ECCF5C1C7B1D9D008D74FA /* Release */,
			);
			defaultConfigurationIsVisible = 0;
			defaultConfigurationName = Release;
		};
		32ECCF5D1C7B1D9D008D74FA /* Build configuration list for PBXNativeTarget "Task_1" */ = {
			isa = XCConfigurationList;
			buildConfigurations = (
				32ECCF5E1C7B1D9D008D74FA /* Debug */,
				32ECCF5F1C7B1D9D008D74FA /* Release */,
			);
			defaultConfigurationIsVisible = 0;
		};
/* End XCConfigurationList section */
	};
	rootObject = 32ECCF3E1C7B1D9D008D74FA /* Project object */;
}
